// !$*UTF8*$!
{
	archiveVersion = 1;
	classes = {
	};
	objectVersion = 56;
	objects = {

/* Begin PBXBuildFile section */
		0B03FB222B21BC54006E26D0 /* OpenLibraryService.swift in Sources */ = {isa = PBXBuildFile; fileRef = 0B03FB212B21BC54006E26D0 /* OpenLibraryService.swift */; };
		0B03FB242B21D3FD006E26D0 /* ImageLoader.swift in Sources */ = {isa = PBXBuildFile; fileRef = 0B03FB232B21D3FD006E26D0 /* ImageLoader.swift */; };
		0B03FB292B2219C2006E26D0 /* WelcomeViewController.swift in Sources */ = {isa = PBXBuildFile; fileRef = 0B03FB262B2219C2006E26D0 /* WelcomeViewController.swift */; };
		0B03FB2A2B2219C2006E26D0 /* CustomPageControl.swift in Sources */ = {isa = PBXBuildFile; fileRef = 0B03FB272B2219C2006E26D0 /* CustomPageControl.swift */; };
		0B03FB2B2B2219C2006E26D0 /* OnboardingView.swift in Sources */ = {isa = PBXBuildFile; fileRef = 0B03FB282B2219C2006E26D0 /* OnboardingView.swift */; };
		0B60468C2B223474008D7834 /* CardForLikes.swift in Sources */ = {isa = PBXBuildFile; fileRef = 0B60468B2B223474008D7834 /* CardForLikes.swift */; };
		0B77B4962B1BB251007AB5BC /* CustomTabBarController.swift in Sources */ = {isa = PBXBuildFile; fileRef = 0B77B4952B1BB251007AB5BC /* CustomTabBarController.swift */; };
		0B77B49A2B1BB2F5007AB5BC /* HomeViewController.swift in Sources */ = {isa = PBXBuildFile; fileRef = 0B77B4992B1BB2F5007AB5BC /* HomeViewController.swift */; };
		0B77B49D2B1BB367007AB5BC /* CategoriesViewController.swift in Sources */ = {isa = PBXBuildFile; fileRef = 0B77B49C2B1BB367007AB5BC /* CategoriesViewController.swift */; };
		0B77B4A02B1BB3BF007AB5BC /* LikesViewController.swift in Sources */ = {isa = PBXBuildFile; fileRef = 0B77B49F2B1BB3BF007AB5BC /* LikesViewController.swift */; };
		0B77B4A32B1BB3F1007AB5BC /* AccountViewController.swift in Sources */ = {isa = PBXBuildFile; fileRef = 0B77B4A22B1BB3F1007AB5BC /* AccountViewController.swift */; };
		0B77B4A52B1BBB28007AB5BC /* CustomColor.swift in Sources */ = {isa = PBXBuildFile; fileRef = 0B77B4A42B1BBB28007AB5BC /* CustomColor.swift */; };
		0B77B4A82B1BC5D5007AB5BC /* SnapKit in Frameworks */ = {isa = PBXBuildFile; productRef = 0B77B4A72B1BC5D5007AB5BC /* SnapKit */; };
		0B77B4AA2B1BC5D5007AB5BC /* SnapKit-Dynamic in Frameworks */ = {isa = PBXBuildFile; productRef = 0B77B4A92B1BC5D5007AB5BC /* SnapKit-Dynamic */; };
		0B77B4AD2B1BC8B2007AB5BC /* OpenLibraryKit in Frameworks */ = {isa = PBXBuildFile; productRef = 0B77B4AC2B1BC8B2007AB5BC /* OpenLibraryKit */; settings = {ATTRIBUTES = (Required, ); }; };
		0B77B4B02B1BCA47007AB5BC /* Kingfisher in Frameworks */ = {isa = PBXBuildFile; productRef = 0B77B4AF2B1BCA47007AB5BC /* Kingfisher */; };
		0B77B4B32B1BCA6C007AB5BC /* Realm in Frameworks */ = {isa = PBXBuildFile; productRef = 0B77B4B22B1BCA6C007AB5BC /* Realm */; };
		0B77B4B52B1BCA6C007AB5BC /* RealmSwift in Frameworks */ = {isa = PBXBuildFile; productRef = 0B77B4B42B1BCA6C007AB5BC /* RealmSwift */; };
		0BCEA76D2B2A1BE700C481C4 /* NetworkManager.swift in Sources */ = {isa = PBXBuildFile; fileRef = 0BCEA76C2B2A1BE700C481C4 /* NetworkManager.swift */; };
		0BCEA76F2B2A1BF000C481C4 /* JASON.swift in Sources */ = {isa = PBXBuildFile; fileRef = 0BCEA76E2B2A1BF000C481C4 /* JASON.swift */; };
		0BCEA7712B2A238400C481C4 /* BookModel.swift in Sources */ = {isa = PBXBuildFile; fileRef = 0BCEA7702B2A238400C481C4 /* BookModel.swift */; };
		0BF89DB32B1BAC3700EE1525 /* AppDelegate.swift in Sources */ = {isa = PBXBuildFile; fileRef = 0BF89DB22B1BAC3700EE1525 /* AppDelegate.swift */; };
		0BF89DB52B1BAC3700EE1525 /* SceneDelegate.swift in Sources */ = {isa = PBXBuildFile; fileRef = 0BF89DB42B1BAC3700EE1525 /* SceneDelegate.swift */; };
		0BF89DBC2B1BAC3900EE1525 /* Assets.xcassets in Resources */ = {isa = PBXBuildFile; fileRef = 0BF89DBB2B1BAC3900EE1525 /* Assets.xcassets */; };
		0BF89DBF2B1BAC3900EE1525 /* LaunchScreen.storyboard in Resources */ = {isa = PBXBuildFile; fileRef = 0BF89DBD2B1BAC3900EE1525 /* LaunchScreen.storyboard */; };
		CEB84E322B24832C00AC6E7E /* TopBooksCollectionViewCell.swift in Sources */ = {isa = PBXBuildFile; fileRef = CEB84E312B24832C00AC6E7E /* TopBooksCollectionViewCell.swift */; };
		CEB84E342B2483A800AC6E7E /* Extension View.swift in Sources */ = {isa = PBXBuildFile; fileRef = CEB84E332B2483A800AC6E7E /* Extension View.swift */; };
		CEB84E362B27051E00AC6E7E /* ButtonCollectionViewCell.swift in Sources */ = {isa = PBXBuildFile; fileRef = CEB84E352B27051E00AC6E7E /* ButtonCollectionViewCell.swift */; };
		CEB84E382B28774F00AC6E7E /* RecentBooksCollectionViewCell.swift in Sources */ = {isa = PBXBuildFile; fileRef = CEB84E372B28774F00AC6E7E /* RecentBooksCollectionViewCell.swift */; };
		CEB84E3A2B2881B600AC6E7E /* SearchBooksCollectionViewCell.swift in Sources */ = {isa = PBXBuildFile; fileRef = CEB84E392B2881B600AC6E7E /* SearchBooksCollectionViewCell.swift */; };
		CEB84E3D2B289CE500AC6E7E /* ProgressHUD in Frameworks */ = {isa = PBXBuildFile; productRef = CEB84E3C2B289CE500AC6E7E /* ProgressHUD */; };
		CEB84E3F2B289D4900AC6E7E /* UIBlockingProgressHUD.swift in Sources */ = {isa = PBXBuildFile; fileRef = CEB84E3E2B289D4900AC6E7E /* UIBlockingProgressHUD.swift */; };
		FA00340F2B2A361700DE7309 /* LikesModel.swift in Sources */ = {isa = PBXBuildFile; fileRef = FA00340E2B2A361700DE7309 /* LikesModel.swift */; };
/* End PBXBuildFile section */

/* Begin PBXFileReference section */
		0B03FB212B21BC54006E26D0 /* OpenLibraryService.swift */ = {isa = PBXFileReference; lastKnownFileType = sourcecode.swift; path = OpenLibraryService.swift; sourceTree = "<group>"; };
		0B03FB232B21D3FD006E26D0 /* ImageLoader.swift */ = {isa = PBXFileReference; lastKnownFileType = sourcecode.swift; path = ImageLoader.swift; sourceTree = "<group>"; };
		0B03FB262B2219C2006E26D0 /* WelcomeViewController.swift */ = {isa = PBXFileReference; fileEncoding = 4; lastKnownFileType = sourcecode.swift; path = WelcomeViewController.swift; sourceTree = "<group>"; };
		0B03FB272B2219C2006E26D0 /* CustomPageControl.swift */ = {isa = PBXFileReference; fileEncoding = 4; lastKnownFileType = sourcecode.swift; path = CustomPageControl.swift; sourceTree = "<group>"; };
		0B03FB282B2219C2006E26D0 /* OnboardingView.swift */ = {isa = PBXFileReference; fileEncoding = 4; lastKnownFileType = sourcecode.swift; path = OnboardingView.swift; sourceTree = "<group>"; };
		0B60468B2B223474008D7834 /* CardForLikes.swift */ = {isa = PBXFileReference; fileEncoding = 4; lastKnownFileType = sourcecode.swift; path = CardForLikes.swift; sourceTree = "<group>"; };
		0B77B4952B1BB251007AB5BC /* CustomTabBarController.swift */ = {isa = PBXFileReference; lastKnownFileType = sourcecode.swift; path = CustomTabBarController.swift; sourceTree = "<group>"; };
		0B77B4992B1BB2F5007AB5BC /* HomeViewController.swift */ = {isa = PBXFileReference; lastKnownFileType = sourcecode.swift; path = HomeViewController.swift; sourceTree = "<group>"; };
		0B77B49C2B1BB367007AB5BC /* CategoriesViewController.swift */ = {isa = PBXFileReference; lastKnownFileType = sourcecode.swift; path = CategoriesViewController.swift; sourceTree = "<group>"; };
		0B77B49F2B1BB3BF007AB5BC /* LikesViewController.swift */ = {isa = PBXFileReference; lastKnownFileType = sourcecode.swift; path = LikesViewController.swift; sourceTree = "<group>"; };
		0B77B4A22B1BB3F1007AB5BC /* AccountViewController.swift */ = {isa = PBXFileReference; lastKnownFileType = sourcecode.swift; path = AccountViewController.swift; sourceTree = "<group>"; };
		0B77B4A42B1BBB28007AB5BC /* CustomColor.swift */ = {isa = PBXFileReference; lastKnownFileType = sourcecode.swift; path = CustomColor.swift; sourceTree = "<group>"; };
		0BCEA76C2B2A1BE700C481C4 /* NetworkManager.swift */ = {isa = PBXFileReference; fileEncoding = 4; lastKnownFileType = sourcecode.swift; path = NetworkManager.swift; sourceTree = "<group>"; };
		0BCEA76E2B2A1BF000C481C4 /* JASON.swift */ = {isa = PBXFileReference; fileEncoding = 4; lastKnownFileType = sourcecode.swift; path = JASON.swift; sourceTree = "<group>"; };
		0BCEA7702B2A238400C481C4 /* BookModel.swift */ = {isa = PBXFileReference; lastKnownFileType = sourcecode.swift; path = BookModel.swift; sourceTree = "<group>"; };
		0BF89DAF2B1BAC3700EE1525 /* BookStore.app */ = {isa = PBXFileReference; explicitFileType = wrapper.application; includeInIndex = 0; path = BookStore.app; sourceTree = BUILT_PRODUCTS_DIR; };
		0BF89DB22B1BAC3700EE1525 /* AppDelegate.swift */ = {isa = PBXFileReference; lastKnownFileType = sourcecode.swift; path = AppDelegate.swift; sourceTree = "<group>"; };
		0BF89DB42B1BAC3700EE1525 /* SceneDelegate.swift */ = {isa = PBXFileReference; lastKnownFileType = sourcecode.swift; path = SceneDelegate.swift; sourceTree = "<group>"; };
		0BF89DBB2B1BAC3900EE1525 /* Assets.xcassets */ = {isa = PBXFileReference; lastKnownFileType = folder.assetcatalog; path = Assets.xcassets; sourceTree = "<group>"; };
		0BF89DBE2B1BAC3900EE1525 /* Base */ = {isa = PBXFileReference; lastKnownFileType = file.storyboard; name = Base; path = Base.lproj/LaunchScreen.storyboard; sourceTree = "<group>"; };
		0BF89DC02B1BAC3900EE1525 /* Info.plist */ = {isa = PBXFileReference; lastKnownFileType = text.plist.xml; path = Info.plist; sourceTree = "<group>"; };
		CEB84E312B24832C00AC6E7E /* TopBooksCollectionViewCell.swift */ = {isa = PBXFileReference; lastKnownFileType = sourcecode.swift; path = TopBooksCollectionViewCell.swift; sourceTree = "<group>"; };
		CEB84E332B2483A800AC6E7E /* Extension View.swift */ = {isa = PBXFileReference; fileEncoding = 4; lastKnownFileType = sourcecode.swift; path = "Extension View.swift"; sourceTree = "<group>"; };
		CEB84E352B27051E00AC6E7E /* ButtonCollectionViewCell.swift */ = {isa = PBXFileReference; lastKnownFileType = sourcecode.swift; path = ButtonCollectionViewCell.swift; sourceTree = "<group>"; };
		CEB84E372B28774F00AC6E7E /* RecentBooksCollectionViewCell.swift */ = {isa = PBXFileReference; lastKnownFileType = sourcecode.swift; path = RecentBooksCollectionViewCell.swift; sourceTree = "<group>"; };
		CEB84E392B2881B600AC6E7E /* SearchBooksCollectionViewCell.swift */ = {isa = PBXFileReference; lastKnownFileType = sourcecode.swift; path = SearchBooksCollectionViewCell.swift; sourceTree = "<group>"; };
		CEB84E3E2B289D4900AC6E7E /* UIBlockingProgressHUD.swift */ = {isa = PBXFileReference; fileEncoding = 4; lastKnownFileType = sourcecode.swift; path = UIBlockingProgressHUD.swift; sourceTree = "<group>"; };
		FA00340E2B2A361700DE7309 /* LikesModel.swift */ = {isa = PBXFileReference; lastKnownFileType = sourcecode.swift; path = LikesModel.swift; sourceTree = "<group>"; };
/* End PBXFileReference section */

/* Begin PBXFrameworksBuildPhase section */
		0BF89DAC2B1BAC3700EE1525 /* Frameworks */ = {
			isa = PBXFrameworksBuildPhase;
			buildActionMask = 2147483647;
			files = (
				0B77B4B52B1BCA6C007AB5BC /* RealmSwift in Frameworks */,
				CEB84E3D2B289CE500AC6E7E /* ProgressHUD in Frameworks */,
				0B77B4B02B1BCA47007AB5BC /* Kingfisher in Frameworks */,
				0B77B4AD2B1BC8B2007AB5BC /* OpenLibraryKit in Frameworks */,
				0B77B4A82B1BC5D5007AB5BC /* SnapKit in Frameworks */,
				0B77B4AA2B1BC5D5007AB5BC /* SnapKit-Dynamic in Frameworks */,
				0B77B4B32B1BCA6C007AB5BC /* Realm in Frameworks */,
			);
			runOnlyForDeploymentPostprocessing = 0;
		};
/* End PBXFrameworksBuildPhase section */

/* Begin PBXGroup section */
		0B03FB252B2219C2006E26D0 /* WelcomeViewController */ = {
			isa = PBXGroup;
			children = (
				0B03FB262B2219C2006E26D0 /* WelcomeViewController.swift */,
				0B03FB272B2219C2006E26D0 /* CustomPageControl.swift */,
				0B03FB282B2219C2006E26D0 /* OnboardingView.swift */,
			);
			path = WelcomeViewController;
			sourceTree = "<group>";
		};
		0B60468A2B223474008D7834 /* Cell */ = {
			isa = PBXGroup;
			children = (
				0B60468B2B223474008D7834 /* CardForLikes.swift */,
			);
			name = Cell;
			path = BookStore/Controllers/Cell;
			sourceTree = SOURCE_ROOT;
		};
		0B77B4942B1BB23E007AB5BC /* CustomTabBarController */ = {
			isa = PBXGroup;
			children = (
				0B77B4952B1BB251007AB5BC /* CustomTabBarController.swift */,
			);
			path = CustomTabBarController;
			sourceTree = "<group>";
		};
		0B77B4972B1BB2D5007AB5BC /* HomeViewController */ = {
			isa = PBXGroup;
			children = (
				CEB84E402B29C8D400AC6E7E /* VC */,
				CEB84E412B29C8EF00AC6E7E /* Cell */,
			);
			path = HomeViewController;
			sourceTree = "<group>";
		};
		0B77B49B2B1BB336007AB5BC /* CategoriesViewController */ = {
			isa = PBXGroup;
			children = (
				0B77B49C2B1BB367007AB5BC /* CategoriesViewController.swift */,
			);
			path = CategoriesViewController;
			sourceTree = "<group>";
		};
		0B77B49E2B1BB392007AB5BC /* LikesViewController */ = {
			isa = PBXGroup;
			children = (
				0B60468A2B223474008D7834 /* Cell */,
				0B77B49F2B1BB3BF007AB5BC /* LikesViewController.swift */,
				FA00340E2B2A361700DE7309 /* LikesModel.swift */,
			);
			path = LikesViewController;
			sourceTree = "<group>";
		};
		0B77B4A12B1BB3D6007AB5BC /* AccountViewController */ = {
			isa = PBXGroup;
			children = (
				0B77B4A22B1BB3F1007AB5BC /* AccountViewController.swift */,
			);
			path = AccountViewController;
			sourceTree = "<group>";
		};
		0BF89DA62B1BAC3700EE1525 = {
			isa = PBXGroup;
			children = (
				0BF89DB12B1BAC3700EE1525 /* BookStore */,
				0BF89DB02B1BAC3700EE1525 /* Products */,
			);
			sourceTree = "<group>";
		};
		0BF89DB02B1BAC3700EE1525 /* Products */ = {
			isa = PBXGroup;
			children = (
				0BF89DAF2B1BAC3700EE1525 /* BookStore.app */,
			);
			name = Products;
			sourceTree = "<group>";
		};
		0BF89DB12B1BAC3700EE1525 /* BookStore */ = {
			isa = PBXGroup;
			children = (
				0BF89DC82B1BAD3500EE1525 /* Controllers */,
				0BF89DC92B1BAD4600EE1525 /* Services */,
				0BF89DCA2B1BAD5600EE1525 /* Extensions */,
				0BF89DC72B1BACFD00EE1525 /* App */,
				0BF89DC62B1BACCA00EE1525 /* Resources */,
			);
			path = BookStore;
			sourceTree = "<group>";
		};
		0BF89DC62B1BACCA00EE1525 /* Resources */ = {
			isa = PBXGroup;
			children = (
				0BF89DBB2B1BAC3900EE1525 /* Assets.xcassets */,
				0BF89DBD2B1BAC3900EE1525 /* LaunchScreen.storyboard */,
				0BF89DC02B1BAC3900EE1525 /* Info.plist */,
			);
			path = Resources;
			sourceTree = "<group>";
		};
		0BF89DC72B1BACFD00EE1525 /* App */ = {
			isa = PBXGroup;
			children = (
				0BF89DB22B1BAC3700EE1525 /* AppDelegate.swift */,
				0BF89DB42B1BAC3700EE1525 /* SceneDelegate.swift */,
			);
			path = App;
			sourceTree = "<group>";
		};
		0BF89DC82B1BAD3500EE1525 /* Controllers */ = {
			isa = PBXGroup;
			children = (
				0B77B4A12B1BB3D6007AB5BC /* AccountViewController */,
				0B77B49E2B1BB392007AB5BC /* LikesViewController */,
				0B77B49B2B1BB336007AB5BC /* CategoriesViewController */,
				0B77B4972B1BB2D5007AB5BC /* HomeViewController */,
				0B03FB252B2219C2006E26D0 /* WelcomeViewController */,
				0B77B4942B1BB23E007AB5BC /* CustomTabBarController */,
			);
			path = Controllers;
			sourceTree = "<group>";
		};
		0BF89DC92B1BAD4600EE1525 /* Services */ = {
			isa = PBXGroup;
			children = (
				0B03FB212B21BC54006E26D0 /* OpenLibraryService.swift */,
				0B03FB232B21D3FD006E26D0 /* ImageLoader.swift */,
				0BCEA76C2B2A1BE700C481C4 /* NetworkManager.swift */,
				0BCEA76E2B2A1BF000C481C4 /* JASON.swift */,
				0BCEA7702B2A238400C481C4 /* BookModel.swift */,
			);
			path = Services;
			sourceTree = "<group>";
		};
		0BF89DCA2B1BAD5600EE1525 /* Extensions */ = {
			isa = PBXGroup;
			children = (
				CEB84E332B2483A800AC6E7E /* Extension View.swift */,
				0B77B4A42B1BBB28007AB5BC /* CustomColor.swift */,
				CEB84E3E2B289D4900AC6E7E /* UIBlockingProgressHUD.swift */,
			);
			path = Extensions;
			sourceTree = "<group>";
		};
		CEB84E402B29C8D400AC6E7E /* VC */ = {
			isa = PBXGroup;
			children = (
				0B77B4992B1BB2F5007AB5BC /* HomeViewController.swift */,
			);
			path = VC;
			sourceTree = "<group>";
		};
		CEB84E412B29C8EF00AC6E7E /* Cell */ = {
			isa = PBXGroup;
			children = (
				CEB84E312B24832C00AC6E7E /* TopBooksCollectionViewCell.swift */,
				CEB84E372B28774F00AC6E7E /* RecentBooksCollectionViewCell.swift */,
				CEB84E392B2881B600AC6E7E /* SearchBooksCollectionViewCell.swift */,
				CEB84E352B27051E00AC6E7E /* ButtonCollectionViewCell.swift */,
			);
			path = Cell;
			sourceTree = "<group>";
		};
/* End PBXGroup section */

/* Begin PBXNativeTarget section */
		0BF89DAE2B1BAC3700EE1525 /* BookStore */ = {
			isa = PBXNativeTarget;
			buildConfigurationList = 0BF89DC32B1BAC3900EE1525 /* Build configuration list for PBXNativeTarget "BookStore" */;
			buildPhases = (
				0BF89DAB2B1BAC3700EE1525 /* Sources */,
				0BF89DAC2B1BAC3700EE1525 /* Frameworks */,
				0BF89DAD2B1BAC3700EE1525 /* Resources */,
			);
			buildRules = (
			);
			dependencies = (
			);
			name = BookStore;
			packageProductDependencies = (
				0B77B4A72B1BC5D5007AB5BC /* SnapKit */,
				0B77B4A92B1BC5D5007AB5BC /* SnapKit-Dynamic */,
				0B77B4AC2B1BC8B2007AB5BC /* OpenLibraryKit */,
				0B77B4AF2B1BCA47007AB5BC /* Kingfisher */,
				0B77B4B22B1BCA6C007AB5BC /* Realm */,
				0B77B4B42B1BCA6C007AB5BC /* RealmSwift */,
				CEB84E3C2B289CE500AC6E7E /* ProgressHUD */,
			);
			productName = BookStore;
			productReference = 0BF89DAF2B1BAC3700EE1525 /* BookStore.app */;
			productType = "com.apple.product-type.application";
		};
/* End PBXNativeTarget section */

/* Begin PBXProject section */
		0BF89DA72B1BAC3700EE1525 /* Project object */ = {
			isa = PBXProject;
			attributes = {
				BuildIndependentTargetsInParallel = 1;
				LastSwiftUpdateCheck = 1500;
				LastUpgradeCheck = 1500;
				TargetAttributes = {
					0BF89DAE2B1BAC3700EE1525 = {
						CreatedOnToolsVersion = 15.0;
					};
				};
			};
			buildConfigurationList = 0BF89DAA2B1BAC3700EE1525 /* Build configuration list for PBXProject "BookStore" */;
			compatibilityVersion = "Xcode 14.0";
			developmentRegion = en;
			hasScannedForEncodings = 0;
			knownRegions = (
				en,
				Base,
			);
			mainGroup = 0BF89DA62B1BAC3700EE1525;
			packageReferences = (
				0B77B4A62B1BC5D5007AB5BC /* XCRemoteSwiftPackageReference "SnapKit" */,
				0B77B4AB2B1BC8B2007AB5BC /* XCRemoteSwiftPackageReference "OpenLibraryKit" */,
				0B77B4AE2B1BCA47007AB5BC /* XCRemoteSwiftPackageReference "Kingfisher" */,
				0B77B4B12B1BCA6C007AB5BC /* XCRemoteSwiftPackageReference "realm-swift" */,
				CEB84E3B2B289CE500AC6E7E /* XCRemoteSwiftPackageReference "ProgressHUD" */,
			);
			productRefGroup = 0BF89DB02B1BAC3700EE1525 /* Products */;
			projectDirPath = "";
			projectRoot = "";
			targets = (
				0BF89DAE2B1BAC3700EE1525 /* BookStore */,
			);
		};
/* End PBXProject section */

/* Begin PBXResourcesBuildPhase section */
		0BF89DAD2B1BAC3700EE1525 /* Resources */ = {
			isa = PBXResourcesBuildPhase;
			buildActionMask = 2147483647;
			files = (
				0BF89DBF2B1BAC3900EE1525 /* LaunchScreen.storyboard in Resources */,
				0BF89DBC2B1BAC3900EE1525 /* Assets.xcassets in Resources */,
			);
			runOnlyForDeploymentPostprocessing = 0;
		};
/* End PBXResourcesBuildPhase section */

/* Begin PBXSourcesBuildPhase section */
		0BF89DAB2B1BAC3700EE1525 /* Sources */ = {
			isa = PBXSourcesBuildPhase;
			buildActionMask = 2147483647;
			files = (
				0B77B4A02B1BB3BF007AB5BC /* LikesViewController.swift in Sources */,
				0B77B49A2B1BB2F5007AB5BC /* HomeViewController.swift in Sources */,
				0B03FB292B2219C2006E26D0 /* WelcomeViewController.swift in Sources */,
				CEB84E3F2B289D4900AC6E7E /* UIBlockingProgressHUD.swift in Sources */,
				0BCEA76D2B2A1BE700C481C4 /* NetworkManager.swift in Sources */,
				0B03FB242B21D3FD006E26D0 /* ImageLoader.swift in Sources */,
				0BCEA76F2B2A1BF000C481C4 /* JASON.swift in Sources */,
				0B77B4A52B1BBB28007AB5BC /* CustomColor.swift in Sources */,
				CEB84E3A2B2881B600AC6E7E /* SearchBooksCollectionViewCell.swift in Sources */,
				CEB84E322B24832C00AC6E7E /* TopBooksCollectionViewCell.swift in Sources */,
				0B77B4A32B1BB3F1007AB5BC /* AccountViewController.swift in Sources */,
				CEB84E342B2483A800AC6E7E /* Extension View.swift in Sources */,
				FA00340F2B2A361700DE7309 /* LikesModel.swift in Sources */,
				0B77B49D2B1BB367007AB5BC /* CategoriesViewController.swift in Sources */,
				0BF89DB32B1BAC3700EE1525 /* AppDelegate.swift in Sources */,
				0B60468C2B223474008D7834 /* CardForLikes.swift in Sources */,
				0B77B4962B1BB251007AB5BC /* CustomTabBarController.swift in Sources */,
				CEB84E382B28774F00AC6E7E /* RecentBooksCollectionViewCell.swift in Sources */,
				0BCEA7712B2A238400C481C4 /* BookModel.swift in Sources */,
				0BF89DB52B1BAC3700EE1525 /* SceneDelegate.swift in Sources */,
				0B03FB222B21BC54006E26D0 /* OpenLibraryService.swift in Sources */,
				CEB84E362B27051E00AC6E7E /* ButtonCollectionViewCell.swift in Sources */,
				0B03FB2B2B2219C2006E26D0 /* OnboardingView.swift in Sources */,
				0B03FB2A2B2219C2006E26D0 /* CustomPageControl.swift in Sources */,
			);
			runOnlyForDeploymentPostprocessing = 0;
		};
/* End PBXSourcesBuildPhase section */

/* Begin PBXVariantGroup section */
		0BF89DBD2B1BAC3900EE1525 /* LaunchScreen.storyboard */ = {
			isa = PBXVariantGroup;
			children = (
				0BF89DBE2B1BAC3900EE1525 /* Base */,
			);
			name = LaunchScreen.storyboard;
			sourceTree = "<group>";
		};
/* End PBXVariantGroup section */

/* Begin XCBuildConfiguration section */
		0BF89DC12B1BAC3900EE1525 /* Debug */ = {
			isa = XCBuildConfiguration;
			buildSettings = {
				ALWAYS_SEARCH_USER_PATHS = NO;
				ASSETCATALOG_COMPILER_GENERATE_SWIFT_ASSET_SYMBOL_EXTENSIONS = YES;
				CLANG_ANALYZER_NONNULL = YES;
				CLANG_ANALYZER_NUMBER_OBJECT_CONVERSION = YES_AGGRESSIVE;
				CLANG_CXX_LANGUAGE_STANDARD = "gnu++20";
				CLANG_ENABLE_MODULES = YES;
				CLANG_ENABLE_OBJC_ARC = YES;
				CLANG_ENABLE_OBJC_WEAK = YES;
				CLANG_WARN_BLOCK_CAPTURE_AUTORELEASING = YES;
				CLANG_WARN_BOOL_CONVERSION = YES;
				CLANG_WARN_COMMA = YES;
				CLANG_WARN_CONSTANT_CONVERSION = YES;
				CLANG_WARN_DEPRECATED_OBJC_IMPLEMENTATIONS = YES;
				CLANG_WARN_DIRECT_OBJC_ISA_USAGE = YES_ERROR;
				CLANG_WARN_DOCUMENTATION_COMMENTS = YES;
				CLANG_WARN_EMPTY_BODY = YES;
				CLANG_WARN_ENUM_CONVERSION = YES;
				CLANG_WARN_INFINITE_RECURSION = YES;
				CLANG_WARN_INT_CONVERSION = YES;
				CLANG_WARN_NON_LITERAL_NULL_CONVERSION = YES;
				CLANG_WARN_OBJC_IMPLICIT_RETAIN_SELF = YES;
				CLANG_WARN_OBJC_LITERAL_CONVERSION = YES;
				CLANG_WARN_OBJC_ROOT_CLASS = YES_ERROR;
				CLANG_WARN_QUOTED_INCLUDE_IN_FRAMEWORK_HEADER = YES;
				CLANG_WARN_RANGE_LOOP_ANALYSIS = YES;
				CLANG_WARN_STRICT_PROTOTYPES = YES;
				CLANG_WARN_SUSPICIOUS_MOVE = YES;
				CLANG_WARN_UNGUARDED_AVAILABILITY = YES_AGGRESSIVE;
				CLANG_WARN_UNREACHABLE_CODE = YES;
				CLANG_WARN__DUPLICATE_METHOD_MATCH = YES;
				COPY_PHASE_STRIP = NO;
				DEBUG_INFORMATION_FORMAT = dwarf;
				ENABLE_STRICT_OBJC_MSGSEND = YES;
				ENABLE_TESTABILITY = YES;
				ENABLE_USER_SCRIPT_SANDBOXING = YES;
				GCC_C_LANGUAGE_STANDARD = gnu17;
				GCC_DYNAMIC_NO_PIC = NO;
				GCC_NO_COMMON_BLOCKS = YES;
				GCC_OPTIMIZATION_LEVEL = 0;
				GCC_PREPROCESSOR_DEFINITIONS = (
					"DEBUG=1",
					"$(inherited)",
				);
				GCC_WARN_64_TO_32_BIT_CONVERSION = YES;
				GCC_WARN_ABOUT_RETURN_TYPE = YES_ERROR;
				GCC_WARN_UNDECLARED_SELECTOR = YES;
				GCC_WARN_UNINITIALIZED_AUTOS = YES_AGGRESSIVE;
				GCC_WARN_UNUSED_FUNCTION = YES;
				GCC_WARN_UNUSED_VARIABLE = YES;
				IPHONEOS_DEPLOYMENT_TARGET = 15.0;
				LOCALIZATION_PREFERS_STRING_CATALOGS = YES;
				MTL_ENABLE_DEBUG_INFO = INCLUDE_SOURCE;
				MTL_FAST_MATH = YES;
				ONLY_ACTIVE_ARCH = YES;
				SDKROOT = iphoneos;
				SWIFT_ACTIVE_COMPILATION_CONDITIONS = "DEBUG $(inherited)";
				SWIFT_OPTIMIZATION_LEVEL = "-Onone";
			};
			name = Debug;
		};
		0BF89DC22B1BAC3900EE1525 /* Release */ = {
			isa = XCBuildConfiguration;
			buildSettings = {
				ALWAYS_SEARCH_USER_PATHS = NO;
				ASSETCATALOG_COMPILER_GENERATE_SWIFT_ASSET_SYMBOL_EXTENSIONS = YES;
				CLANG_ANALYZER_NONNULL = YES;
				CLANG_ANALYZER_NUMBER_OBJECT_CONVERSION = YES_AGGRESSIVE;
				CLANG_CXX_LANGUAGE_STANDARD = "gnu++20";
				CLANG_ENABLE_MODULES = YES;
				CLANG_ENABLE_OBJC_ARC = YES;
				CLANG_ENABLE_OBJC_WEAK = YES;
				CLANG_WARN_BLOCK_CAPTURE_AUTORELEASING = YES;
				CLANG_WARN_BOOL_CONVERSION = YES;
				CLANG_WARN_COMMA = YES;
				CLANG_WARN_CONSTANT_CONVERSION = YES;
				CLANG_WARN_DEPRECATED_OBJC_IMPLEMENTATIONS = YES;
				CLANG_WARN_DIRECT_OBJC_ISA_USAGE = YES_ERROR;
				CLANG_WARN_DOCUMENTATION_COMMENTS = YES;
				CLANG_WARN_EMPTY_BODY = YES;
				CLANG_WARN_ENUM_CONVERSION = YES;
				CLANG_WARN_INFINITE_RECURSION = YES;
				CLANG_WARN_INT_CONVERSION = YES;
				CLANG_WARN_NON_LITERAL_NULL_CONVERSION = YES;
				CLANG_WARN_OBJC_IMPLICIT_RETAIN_SELF = YES;
				CLANG_WARN_OBJC_LITERAL_CONVERSION = YES;
				CLANG_WARN_OBJC_ROOT_CLASS = YES_ERROR;
				CLANG_WARN_QUOTED_INCLUDE_IN_FRAMEWORK_HEADER = YES;
				CLANG_WARN_RANGE_LOOP_ANALYSIS = YES;
				CLANG_WARN_STRICT_PROTOTYPES = YES;
				CLANG_WARN_SUSPICIOUS_MOVE = YES;
				CLANG_WARN_UNGUARDED_AVAILABILITY = YES_AGGRESSIVE;
				CLANG_WARN_UNREACHABLE_CODE = YES;
				CLANG_WARN__DUPLICATE_METHOD_MATCH = YES;
				COPY_PHASE_STRIP = NO;
				DEBUG_INFORMATION_FORMAT = "dwarf-with-dsym";
				ENABLE_NS_ASSERTIONS = NO;
				ENABLE_STRICT_OBJC_MSGSEND = YES;
				ENABLE_USER_SCRIPT_SANDBOXING = YES;
				GCC_C_LANGUAGE_STANDARD = gnu17;
				GCC_NO_COMMON_BLOCKS = YES;
				GCC_WARN_64_TO_32_BIT_CONVERSION = YES;
				GCC_WARN_ABOUT_RETURN_TYPE = YES_ERROR;
				GCC_WARN_UNDECLARED_SELECTOR = YES;
				GCC_WARN_UNINITIALIZED_AUTOS = YES_AGGRESSIVE;
				GCC_WARN_UNUSED_FUNCTION = YES;
				GCC_WARN_UNUSED_VARIABLE = YES;
				IPHONEOS_DEPLOYMENT_TARGET = 15.0;
				LOCALIZATION_PREFERS_STRING_CATALOGS = YES;
				MTL_ENABLE_DEBUG_INFO = NO;
				MTL_FAST_MATH = YES;
				SDKROOT = iphoneos;
				SWIFT_COMPILATION_MODE = wholemodule;
				VALIDATE_PRODUCT = YES;
			};
			name = Release;
		};
		0BF89DC42B1BAC3900EE1525 /* Debug */ = {
			isa = XCBuildConfiguration;
			buildSettings = {
				ASSETCATALOG_COMPILER_APPICON_NAME = AppIcon;
				ASSETCATALOG_COMPILER_GLOBAL_ACCENT_COLOR_NAME = AccentColor;
				CODE_SIGN_STYLE = Automatic;
				CURRENT_PROJECT_VERSION = 1;
				DEVELOPMENT_TEAM = C4L53C7A94;
				GENERATE_INFOPLIST_FILE = YES;
				INFOPLIST_FILE = BookStore/Resources/Info.plist;
				INFOPLIST_KEY_LSApplicationCategoryType = "public.app-category.books";
				INFOPLIST_KEY_UIApplicationSupportsIndirectInputEvents = YES;
				INFOPLIST_KEY_UILaunchStoryboardName = LaunchScreen;
				INFOPLIST_KEY_UISupportedInterfaceOrientations = UIInterfaceOrientationPortrait;
				INFOPLIST_KEY_UISupportedInterfaceOrientations_iPad = "UIInterfaceOrientationLandscapeLeft UIInterfaceOrientationLandscapeRight UIInterfaceOrientationPortrait UIInterfaceOrientationPortraitUpsideDown";
				LD_RUNPATH_SEARCH_PATHS = (
					"$(inherited)",
					"@executable_path/Frameworks",
				);
				MARKETING_VERSION = 1.0;
				PRODUCT_BUNDLE_IDENTIFIER = "com.-gmail.in.prokopchik.BookStore";
				PRODUCT_NAME = "$(TARGET_NAME)";
				SUPPORTED_PLATFORMS = "iphoneos iphonesimulator";
				SUPPORTS_MACCATALYST = NO;
				SUPPORTS_MAC_DESIGNED_FOR_IPHONE_IPAD = NO;
				SWIFT_EMIT_LOC_STRINGS = YES;
				SWIFT_VERSION = 5.0;
				TARGETED_DEVICE_FAMILY = 1;
			};
			name = Debug;
		};
		0BF89DC52B1BAC3900EE1525 /* Release */ = {
			isa = XCBuildConfiguration;
			buildSettings = {
				ASSETCATALOG_COMPILER_APPICON_NAME = AppIcon;
				ASSETCATALOG_COMPILER_GLOBAL_ACCENT_COLOR_NAME = AccentColor;
				CODE_SIGN_STYLE = Automatic;
				CURRENT_PROJECT_VERSION = 1;
				DEVELOPMENT_TEAM = C4L53C7A94;
				GENERATE_INFOPLIST_FILE = YES;
				INFOPLIST_FILE = BookStore/Resources/Info.plist;
				INFOPLIST_KEY_LSApplicationCategoryType = "public.app-category.books";
				INFOPLIST_KEY_UIApplicationSupportsIndirectInputEvents = YES;
				INFOPLIST_KEY_UILaunchStoryboardName = LaunchScreen;
				INFOPLIST_KEY_UISupportedInterfaceOrientations = UIInterfaceOrientationPortrait;
				INFOPLIST_KEY_UISupportedInterfaceOrientations_iPad = "UIInterfaceOrientationLandscapeLeft UIInterfaceOrientationLandscapeRight UIInterfaceOrientationPortrait UIInterfaceOrientationPortraitUpsideDown";
				LD_RUNPATH_SEARCH_PATHS = (
					"$(inherited)",
					"@executable_path/Frameworks",
				);
				MARKETING_VERSION = 1.0;
				PRODUCT_BUNDLE_IDENTIFIER = "com.-gmail.in.prokopchik.BookStore";
				PRODUCT_NAME = "$(TARGET_NAME)";
				SUPPORTED_PLATFORMS = "iphoneos iphonesimulator";
				SUPPORTS_MACCATALYST = NO;
				SUPPORTS_MAC_DESIGNED_FOR_IPHONE_IPAD = NO;
				SWIFT_EMIT_LOC_STRINGS = YES;
				SWIFT_VERSION = 5.0;
				TARGETED_DEVICE_FAMILY = 1;
			};
			name = Release;
		};
/* End XCBuildConfiguration section */

/* Begin XCConfigurationList section */
		0BF89DAA2B1BAC3700EE1525 /* Build configuration list for PBXProject "BookStore" */ = {
			isa = XCConfigurationList;
			buildConfigurations = (
				0BF89DC12B1BAC3900EE1525 /* Debug */,
				0BF89DC22B1BAC3900EE1525 /* Release */,
			);
			defaultConfigurationIsVisible = 0;
			defaultConfigurationName = Release;
		};
		0BF89DC32B1BAC3900EE1525 /* Build configuration list for PBXNativeTarget "BookStore" */ = {
			isa = XCConfigurationList;
			buildConfigurations = (
				0BF89DC42B1BAC3900EE1525 /* Debug */,
				0BF89DC52B1BAC3900EE1525 /* Release */,
			);
			defaultConfigurationIsVisible = 0;
			defaultConfigurationName = Release;
		};
/* End XCConfigurationList section */

/* Begin XCRemoteSwiftPackageReference section */
		0B77B4A62B1BC5D5007AB5BC /* XCRemoteSwiftPackageReference "SnapKit" */ = {
			isa = XCRemoteSwiftPackageReference;
			repositoryURL = "https://github.com/SnapKit/SnapKit";
			requirement = {
				kind = upToNextMajorVersion;
				minimumVersion = 5.6.0;
			};
		};
		0B77B4AB2B1BC8B2007AB5BC /* XCRemoteSwiftPackageReference "OpenLibraryKit" */ = {
			isa = XCRemoteSwiftPackageReference;
			repositoryURL = "https://github.com/SMillerDev/OpenLibraryKit";
			requirement = {
				branch = main;
				kind = branch;
			};
		};
		0B77B4AE2B1BCA47007AB5BC /* XCRemoteSwiftPackageReference "Kingfisher" */ = {
			isa = XCRemoteSwiftPackageReference;
			repositoryURL = "https://github.com/onevcat/Kingfisher";
			requirement = {
				kind = upToNextMajorVersion;
				minimumVersion = 7.10.0;
			};
		};
		0B77B4B12B1BCA6C007AB5BC /* XCRemoteSwiftPackageReference "realm-swift" */ = {
			isa = XCRemoteSwiftPackageReference;
			repositoryURL = "https://github.com/realm/realm-swift.git";
			requirement = {
				branch = master;
				kind = branch;
			};
		};
		CEB84E3B2B289CE500AC6E7E /* XCRemoteSwiftPackageReference "ProgressHUD" */ = {
			isa = XCRemoteSwiftPackageReference;
			repositoryURL = "https://github.com/relatedcode/ProgressHUD";
			requirement = {
				kind = upToNextMajorVersion;
				minimumVersion = 14.1.0;
			};
		};
/* End XCRemoteSwiftPackageReference section */

/* Begin XCSwiftPackageProductDependency section */
		0B77B4A72B1BC5D5007AB5BC /* SnapKit */ = {
			isa = XCSwiftPackageProductDependency;
			package = 0B77B4A62B1BC5D5007AB5BC /* XCRemoteSwiftPackageReference "SnapKit" */;
			productName = SnapKit;
		};
		0B77B4A92B1BC5D5007AB5BC /* SnapKit-Dynamic */ = {
			isa = XCSwiftPackageProductDependency;
			package = 0B77B4A62B1BC5D5007AB5BC /* XCRemoteSwiftPackageReference "SnapKit" */;
			productName = "SnapKit-Dynamic";
		};
		0B77B4AC2B1BC8B2007AB5BC /* OpenLibraryKit */ = {
			isa = XCSwiftPackageProductDependency;
			package = 0B77B4AB2B1BC8B2007AB5BC /* XCRemoteSwiftPackageReference "OpenLibraryKit" */;
			productName = OpenLibraryKit;
		};
		0B77B4AF2B1BCA47007AB5BC /* Kingfisher */ = {
			isa = XCSwiftPackageProductDependency;
			package = 0B77B4AE2B1BCA47007AB5BC /* XCRemoteSwiftPackageReference "Kingfisher" */;
			productName = Kingfisher;
		};
		0B77B4B22B1BCA6C007AB5BC /* Realm */ = {
			isa = XCSwiftPackageProductDependency;
			package = 0B77B4B12B1BCA6C007AB5BC /* XCRemoteSwiftPackageReference "realm-swift" */;
			productName = Realm;
		};
		0B77B4B42B1BCA6C007AB5BC /* RealmSwift */ = {
			isa = XCSwiftPackageProductDependency;
			package = 0B77B4B12B1BCA6C007AB5BC /* XCRemoteSwiftPackageReference "realm-swift" */;
			productName = RealmSwift;
		};
		CEB84E3C2B289CE500AC6E7E /* ProgressHUD */ = {
			isa = XCSwiftPackageProductDependency;
			package = CEB84E3B2B289CE500AC6E7E /* XCRemoteSwiftPackageReference "ProgressHUD" */;
			productName = ProgressHUD;
		};
/* End XCSwiftPackageProductDependency section */
	};
	rootObject = 0BF89DA72B1BAC3700EE1525 /* Project object */;
}
